
Microsoft Visual Studio Solution File, Format Version 12.00
# Visual Studio Version 17
VisualStudioVersion = 17.10.35013.160
MinimumVisualStudioVersion = 10.0.40219.1
Project("{9A19103F-16F7-4668-BE54-9A1E7A4F7556}") = "Stage0", "Stage0\Stage0.csproj", "{726819F0-A3F5-4107-9C31-EE9D00868F65}"
EndProject
Project("{2150E333-8FDC-42A3-9474-1A3956D46DE8}") = "Solution Items", "Solution Items", "{D3C42584-FFFD-4E4D-84C5-DEE642456121}"
	ProjectSection(SolutionItems) = preProject
		README.md = README.md
	EndProjectSection
EndProject
Project("{9A19103F-16F7-4668-BE54-9A1E7A4F7556}") = "DalFacade", "DalFacade\DalFacade.csproj", "{6E61EA62-072F-4283-B080-78BF2C305260}"
EndProject
Project("{9A19103F-16F7-4668-BE54-9A1E7A4F7556}") = "DalList", "DalList\DalList.csproj", "{DDCD36B4-0E2C-4CA8-A73C-8C244E47852D}"
EndProject
Project("{9A19103F-16F7-4668-BE54-9A1E7A4F7556}") = "DalTest", "DalTest\DalTest.csproj", "{DB39D88A-2E3F-4894-B95F-02494E929752}"
EndProject
Project("{9A19103F-16F7-4668-BE54-9A1E7A4F7556}") = "DalXml", "DalXml\DalXml.csproj", "{3585FA34-712E-4B0B-AC4E-ABC8274398D3}"
EndProject
Project("{2150E333-8FDC-42A3-9474-1A3956D46DE8}") = "xml", "xml", "{BAC87DCD-1A2C-4D07-AD99-39CE976AF56D}"
	ProjectSection(SolutionItems) = preProject
		xml\assignments.xml = xml\assignments.xml
		xml\calls.xml = xml\calls.xml
		xml\dal-config.xml = xml\dal-config.xml
		xml\data-config.xml = xml\data-config.xml
		xml\volunteers.xml = xml\volunteers.xml
	EndProjectSection
EndProject
Project("{9A19103F-16F7-4668-BE54-9A1E7A4F7556}") = "BL", "BL\BL.csproj", "{850A271F-6B78-4299-B0A7-4CFA05EB8DD8}"
EndProject
Project("{9A19103F-16F7-4668-BE54-9A1E7A4F7556}") = "BlTest", "BlTest\BlTest.csproj", "{8FA67330-7159-459A-A0D1-8E8B00C7DA1B}"
EndProject
Project("{FAE04EC0-301F-11D3-BF4B-00C04F79EFBC}") = "PL", "PL\PL.csproj", "{6C9B4456-4C42-4C34-B241-C1D2287F5B7C}"
EndProject
Global
	GlobalSection(SolutionConfigurationPlatforms) = preSolution
		Debug|Any CPU = Debug|Any CPU
		Release|Any CPU = Release|Any CPU
	EndGlobalSection
	GlobalSection(ProjectConfigurationPlatforms) = postSolution
		{726819F0-A3F5-4107-9C31-EE9D00868F65}.Debug|Any CPU.ActiveCfg = Debug|Any CPU
		{726819F0-A3F5-4107-9C31-EE9D00868F65}.Debug|Any CPU.Build.0 = Debug|Any CPU
		{726819F0-A3F5-4107-9C31-EE9D00868F65}.Release|Any CPU.ActiveCfg = Release|Any CPU
		{726819F0-A3F5-4107-9C31-EE9D00868F65}.Release|Any CPU.Build.0 = Release|Any CPU
		{6E61EA62-072F-4283-B080-78BF2C305260}.Debug|Any CPU.ActiveCfg = Debug|Any CPU
		{6E61EA62-072F-4283-B080-78BF2C305260}.Debug|Any CPU.Build.0 = Debug|Any CPU
		{6E61EA62-072F-4283-B080-78BF2C305260}.Release|Any CPU.ActiveCfg = Release|Any CPU
		{6E61EA62-072F-4283-B080-78BF2C305260}.Release|Any CPU.Build.0 = Release|Any CPU
		{DDCD36B4-0E2C-4CA8-A73C-8C244E47852D}.Debug|Any CPU.ActiveCfg = Debug|Any CPU
		{DDCD36B4-0E2C-4CA8-A73C-8C244E47852D}.Debug|Any CPU.Build.0 = Debug|Any CPU
		{DDCD36B4-0E2C-4CA8-A73C-8C244E47852D}.Release|Any CPU.ActiveCfg = Release|Any CPU
		{DDCD36B4-0E2C-4CA8-A73C-8C244E47852D}.Release|Any CPU.Build.0 = Release|Any CPU
		{DB39D88A-2E3F-4894-B95F-02494E929752}.Debug|Any CPU.ActiveCfg = Debug|Any CPU
		{DB39D88A-2E3F-4894-B95F-02494E929752}.Debug|Any CPU.Build.0 = Debug|Any CPU
		{DB39D88A-2E3F-4894-B95F-02494E929752}.Release|Any CPU.ActiveCfg = Release|Any CPU
		{DB39D88A-2E3F-4894-B95F-02494E929752}.Release|Any CPU.Build.0 = Release|Any CPU
		{3585FA34-712E-4B0B-AC4E-ABC8274398D3}.Debug|Any CPU.ActiveCfg = Debug|Any CPU
		{3585FA34-712E-4B0B-AC4E-ABC8274398D3}.Debug|Any CPU.Build.0 = Debug|Any CPU
		{3585FA34-712E-4B0B-AC4E-ABC8274398D3}.Release|Any CPU.ActiveCfg = Release|Any CPU
		{3585FA34-712E-4B0B-AC4E-ABC8274398D3}.Release|Any CPU.Build.0 = Release|Any CPU
		{850A271F-6B78-4299-B0A7-4CFA05EB8DD8}.Debug|Any CPU.ActiveCfg = Debug|Any CPU
		{850A271F-6B78-4299-B0A7-4CFA05EB8DD8}.Debug|Any CPU.Build.0 = Debug|Any CPU
		{850A271F-6B78-4299-B0A7-4CFA05EB8DD8}.Release|Any CPU.ActiveCfg = Release|Any CPU
		{850A271F-6B78-4299-B0A7-4CFA05EB8DD8}.Release|Any CPU.Build.0 = Release|Any CPU
		{8FA67330-7159-459A-A0D1-8E8B00C7DA1B}.Debug|Any CPU.ActiveCfg = Debug|Any CPU
		{8FA67330-7159-459A-A0D1-8E8B00C7DA1B}.Debug|Any CPU.Build.0 = Debug|Any CPU
		{8FA67330-7159-459A-A0D1-8E8B00C7DA1B}.Release|Any CPU.ActiveCfg = Release|Any CPU
		{8FA67330-7159-459A-A0D1-8E8B00C7DA1B}.Release|Any CPU.Build.0 = Release|Any CPU
		{6C9B4456-4C42-4C34-B241-C1D2287F5B7C}.Debug|Any CPU.ActiveCfg = Debug|Any CPU
		{6C9B4456-4C42-4C34-B241-C1D2287F5B7C}.Debug|Any CPU.Build.0 = Debug|Any CPU
		{6C9B4456-4C42-4C34-B241-C1D2287F5B7C}.Release|Any CPU.ActiveCfg = Release|Any CPU
		{6C9B4456-4C42-4C34-B241-C1D2287F5B7C}.Release|Any CPU.Build.0 = Release|Any CPU
	EndGlobalSection
	GlobalSection(SolutionProperties) = preSolution
		HideSolutionNode = FALSE
	EndGlobalSection
	GlobalSection(ExtensibilityGlobals) = postSolution
		SolutionGuid = {FB650ED5-6934-486D-BBAA-8FF6CE928659}
	EndGlobalSection
EndGlobal
